{
  "name": "cloud_machine_learn",
  "version": "1.0.0",
  "lockfileVersion": 1,
  "requires": true,
  "dependencies": {
    "machine_learning": {
      "version": "0.1.1",
      "resolved": "https://registry.npmjs.org/machine_learning/-/machine_learning-0.1.1.tgz",
      "integrity": "sha1-dKLshO7ac5Lsbdggm6s/TRtc1E8="
    }
  }
}
